
Microsoft Visual Studio Solution File, Format Version 12.00
# Visual Studio Version 17
VisualStudioVersion = 17.6.33815.320
MinimumVisualStudioVersion = 10.0.40219.1
Project("{9A19103F-16F7-4668-BE54-9A1E7A4F7556}") = "EnttityHelper", "EnttityHelper.csproj", "{EC23AD49-A78B-4D0F-9091-0EBDE8E2B508}"
EndProject
Project("{FAE04EC0-301F-11D3-BF4B-00C04F79EFBC}") = "TestEnttityHelper", "..\TestEnttityHelper\TestEnttityHelper.csproj", "{6085FCBF-502F-4544-B859-04C29C4CD02D}"
EndProject
Global
	GlobalSection(SolutionConfigurationPlatforms) = preSolution
		Debug|Any CPU = Debug|Any CPU
		Release|Any CPU = Release|Any CPU
	EndGlobalSection
	GlobalSection(ProjectConfigurationPlatforms) = postSolution
		{EC23AD49-A78B-4D0F-9091-0EBDE8E2B508}.Debug|Any CPU.ActiveCfg = Debug|Any CPU
		{EC23AD49-A78B-4D0F-9091-0EBDE8E2B508}.Debug|Any CPU.Build.0 = Debug|Any CPU
		{EC23AD49-A78B-4D0F-9091-0EBDE8E2B508}.Release|Any CPU.ActiveCfg = Release|Any CPU
		{EC23AD49-A78B-4D0F-9091-0EBDE8E2B508}.Release|Any CPU.Build.0 = Release|Any CPU
		{6085FCBF-502F-4544-B859-04C29C4CD02D}.Debug|Any CPU.ActiveCfg = Debug|Any CPU
		{6085FCBF-502F-4544-B859-04C29C4CD02D}.Debug|Any CPU.Build.0 = Debug|Any CPU
		{6085FCBF-502F-4544-B859-04C29C4CD02D}.Release|Any CPU.ActiveCfg = Release|Any CPU
		{6085FCBF-502F-4544-B859-04C29C4CD02D}.Release|Any CPU.Build.0 = Release|Any CPU
	EndGlobalSection
	GlobalSection(SolutionProperties) = preSolution
		HideSolutionNode = FALSE
	EndGlobalSection
	GlobalSection(ExtensibilityGlobals) = postSolution
		SolutionGuid = {1AA934E1-BD81-40E3-BFED-CA3CA460320A}
	EndGlobalSection
EndGlobal
