
Microsoft Visual Studio Solution File, Format Version 12.00
# Visual Studio Version 17
VisualStudioVersion = 17.7.34024.191
MinimumVisualStudioVersion = 10.0.40219.1
Project("{FAE04EC0-301F-11D3-BF4B-00C04F79EFBC}") = "TestEH_WindowsFormsApp", "TestNetFramework\EH_WindowsFormsApp\TestEH_WindowsFormsApp.csproj", "{59472131-5B3E-4E4E-9EBC-CFAB70F38BB4}"
EndProject
Project("{9A19103F-16F7-4668-BE54-9A1E7A4F7556}") = "EH", "..\EH.csproj", "{2439D2EF-D9CC-4496-B80D-1C0BADD48029}"
EndProject
Project("{9A19103F-16F7-4668-BE54-9A1E7A4F7556}") = "TestEH_UnitTest", "TestEnttityHelper\TestEH_UnitTest.csproj", "{956BF4A5-6D71-4E1D-8A52-5DB3BB527579}"
EndProject
Project("{9A19103F-16F7-4668-BE54-9A1E7A4F7556}") = "TestXUnit", "TestEHxSH\TestXUnit.csproj", "{08CBE859-B70B-418D-B48D-274488E76B8C}"
EndProject
Global
	GlobalSection(SolutionConfigurationPlatforms) = preSolution
		Debug|Any CPU = Debug|Any CPU
		Release|Any CPU = Release|Any CPU
	EndGlobalSection
	GlobalSection(ProjectConfigurationPlatforms) = postSolution
		{59472131-5B3E-4E4E-9EBC-CFAB70F38BB4}.Debug|Any CPU.ActiveCfg = Debug|Any CPU
		{59472131-5B3E-4E4E-9EBC-CFAB70F38BB4}.Debug|Any CPU.Build.0 = Debug|Any CPU
		{59472131-5B3E-4E4E-9EBC-CFAB70F38BB4}.Release|Any CPU.ActiveCfg = Release|Any CPU
		{59472131-5B3E-4E4E-9EBC-CFAB70F38BB4}.Release|Any CPU.Build.0 = Release|Any CPU
		{2439D2EF-D9CC-4496-B80D-1C0BADD48029}.Debug|Any CPU.ActiveCfg = Debug|Any CPU
		{2439D2EF-D9CC-4496-B80D-1C0BADD48029}.Debug|Any CPU.Build.0 = Debug|Any CPU
		{2439D2EF-D9CC-4496-B80D-1C0BADD48029}.Release|Any CPU.ActiveCfg = Release|Any CPU
		{2439D2EF-D9CC-4496-B80D-1C0BADD48029}.Release|Any CPU.Build.0 = Release|Any CPU
		{956BF4A5-6D71-4E1D-8A52-5DB3BB527579}.Debug|Any CPU.ActiveCfg = Debug|Any CPU
		{956BF4A5-6D71-4E1D-8A52-5DB3BB527579}.Debug|Any CPU.Build.0 = Debug|Any CPU
		{956BF4A5-6D71-4E1D-8A52-5DB3BB527579}.Release|Any CPU.ActiveCfg = Release|Any CPU
		{956BF4A5-6D71-4E1D-8A52-5DB3BB527579}.Release|Any CPU.Build.0 = Release|Any CPU
		{08CBE859-B70B-418D-B48D-274488E76B8C}.Debug|Any CPU.ActiveCfg = Debug|Any CPU
		{08CBE859-B70B-418D-B48D-274488E76B8C}.Debug|Any CPU.Build.0 = Debug|Any CPU
		{08CBE859-B70B-418D-B48D-274488E76B8C}.Release|Any CPU.ActiveCfg = Release|Any CPU
		{08CBE859-B70B-418D-B48D-274488E76B8C}.Release|Any CPU.Build.0 = Release|Any CPU
	EndGlobalSection
	GlobalSection(SolutionProperties) = preSolution
		HideSolutionNode = FALSE
	EndGlobalSection
	GlobalSection(ExtensibilityGlobals) = postSolution
		SolutionGuid = {2F07931E-6168-436F-A1AB-02E8EF20DB33}
	EndGlobalSection
EndGlobal
